
Microsoft Visual Studio Solution File, Format Version 12.00
# Visual Studio Version 16
VisualStudioVersion = 16.0.32106.194
MinimumVisualStudioVersion = 10.0.40219.1
Project("{FAE04EC0-301F-11D3-BF4B-00C04F79EFBC}") = "Project", "Project\Project.csproj", "{A6CB8241-D566-4615-87F7-1F11FCDBD7D4}"
EndProject
Project("{FAE04EC0-301F-11D3-BF4B-00C04F79EFBC}") = "ClassLibrary", "ClassLibrary\ClassLibrary.csproj", "{DB16FF66-0C57-4F8B-B514-C59AA84B911F}"
EndProject
Global
	GlobalSection(SolutionConfigurationPlatforms) = preSolution
		Debug|Any CPU = Debug|Any CPU
		Release|Any CPU = Release|Any CPU
	EndGlobalSection
	GlobalSection(ProjectConfigurationPlatforms) = postSolution
		{A6CB8241-D566-4615-87F7-1F11FCDBD7D4}.Debug|Any CPU.ActiveCfg = Debug|Any CPU
		{A6CB8241-D566-4615-87F7-1F11FCDBD7D4}.Debug|Any CPU.Build.0 = Debug|Any CPU
		{A6CB8241-D566-4615-87F7-1F11FCDBD7D4}.Release|Any CPU.ActiveCfg = Release|Any CPU
		{A6CB8241-D566-4615-87F7-1F11FCDBD7D4}.Release|Any CPU.Build.0 = Release|Any CPU
		{DB16FF66-0C57-4F8B-B514-C59AA84B911F}.Debug|Any CPU.ActiveCfg = Debug|Any CPU
		{DB16FF66-0C57-4F8B-B514-C59AA84B911F}.Debug|Any CPU.Build.0 = Debug|Any CPU
		{DB16FF66-0C57-4F8B-B514-C59AA84B911F}.Release|Any CPU.ActiveCfg = Release|Any CPU
		{DB16FF66-0C57-4F8B-B514-C59AA84B911F}.Release|Any CPU.Build.0 = Release|Any CPU
	EndGlobalSection
	GlobalSection(SolutionProperties) = preSolution
		HideSolutionNode = FALSE
	EndGlobalSection
	GlobalSection(ExtensibilityGlobals) = postSolution
		SolutionGuid = {4EA2209A-53B9-4A62-BCA7-20B03DD39E81}
	EndGlobalSection
EndGlobal
